
Microsoft Visual Studio Solution File, Format Version 12.00
# Visual Studio Version 17
VisualStudioVersion = 17.11.35222.181
MinimumVisualStudioVersion = 10.0.40219.1
Project("{FAE04EC0-301F-11D3-BF4B-00C04F79EFBC}") = "OOP LESSON 2", "OOP LESSON 2\OOP LESSON 2.csproj", "{60744D44-F5C9-4B25-B02B-2BA971D12349}"
EndProject
Global
	GlobalSection(SolutionConfigurationPlatforms) = preSolution
		Debug|Any CPU = Debug|Any CPU
		Release|Any CPU = Release|Any CPU
	EndGlobalSection
	GlobalSection(ProjectConfigurationPlatforms) = postSolution
		{60744D44-F5C9-4B25-B02B-2BA971D12349}.Debug|Any CPU.ActiveCfg = Debug|Any CPU
		{60744D44-F5C9-4B25-B02B-2BA971D12349}.Debug|Any CPU.Build.0 = Debug|Any CPU
		{60744D44-F5C9-4B25-B02B-2BA971D12349}.Release|Any CPU.ActiveCfg = Release|Any CPU
		{60744D44-F5C9-4B25-B02B-2BA971D12349}.Release|Any CPU.Build.0 = Release|Any CPU
	EndGlobalSection
	GlobalSection(SolutionProperties) = preSolution
		HideSolutionNode = FALSE
	EndGlobalSection
	GlobalSection(ExtensibilityGlobals) = postSolution
		SolutionGuid = {FF24FA5B-34D5-49CB-81E8-36EF6073D760}
	EndGlobalSection
EndGlobal
